
Microsoft Visual Studio Solution File, Format Version 12.00
# Visual Studio Version 16
VisualStudioVersion = 16.0.32126.315
MinimumVisualStudioVersion = 10.0.40219.1
Project("{FAE04EC0-301F-11D3-BF4B-00C04F79EFBC}") = "EmailManager", "EmailManager\EmailManager.csproj", "{A2BC1EE0-B150-4EA7-BCE2-383343D45D4E}"
EndProject
Project("{FAE04EC0-301F-11D3-BF4B-00C04F79EFBC}") = "EmailSender", "EmailSender\EmailSender.csproj", "{698F287B-34BE-4FFB-9F10-469489CF8E97}"
EndProject
Global
	GlobalSection(SolutionConfigurationPlatforms) = preSolution
		Debug|Any CPU = Debug|Any CPU
		Release|Any CPU = Release|Any CPU
	EndGlobalSection
	GlobalSection(ProjectConfigurationPlatforms) = postSolution
		{A2BC1EE0-B150-4EA7-BCE2-383343D45D4E}.Debug|Any CPU.ActiveCfg = Debug|Any CPU
		{A2BC1EE0-B150-4EA7-BCE2-383343D45D4E}.Debug|Any CPU.Build.0 = Debug|Any CPU
		{A2BC1EE0-B150-4EA7-BCE2-383343D45D4E}.Release|Any CPU.ActiveCfg = Release|Any CPU
		{A2BC1EE0-B150-4EA7-BCE2-383343D45D4E}.Release|Any CPU.Build.0 = Release|Any CPU
		{698F287B-34BE-4FFB-9F10-469489CF8E97}.Debug|Any CPU.ActiveCfg = Debug|Any CPU
		{698F287B-34BE-4FFB-9F10-469489CF8E97}.Debug|Any CPU.Build.0 = Debug|Any CPU
		{698F287B-34BE-4FFB-9F10-469489CF8E97}.Release|Any CPU.ActiveCfg = Release|Any CPU
		{698F287B-34BE-4FFB-9F10-469489CF8E97}.Release|Any CPU.Build.0 = Release|Any CPU
	EndGlobalSection
	GlobalSection(SolutionProperties) = preSolution
		HideSolutionNode = FALSE
	EndGlobalSection
	GlobalSection(ExtensibilityGlobals) = postSolution
		SolutionGuid = {951670B6-4D3F-40A1-845F-ACE347CDB093}
	EndGlobalSection
EndGlobal
